<?xml version="1.0" encoding="utf-8"?>
<Project ToolsVersion="4.0" xmlns="http://schemas.microsoft.com/developer/msbuild/2003">
  <ItemGroup>
    <Filter Include="Library">
      <UniqueIdentifier>{d5173dcf-2786-4f98-bd55-d03549637dfe}</UniqueIdentifier>
    </Filter>
    <Filter Include="Src">
      <UniqueIdentifier>{80d0a5a9-6779-4863-bede-cc22a4986dc5}</UniqueIdentifier>
    </Filter>
    <Filter Include="Src\Framework">
      <UniqueIdentifier>{f5928314-3ee2-4e39-abfa-d93aa9ee5891}</UniqueIdentifier>
    </Filter>
    <Filter Include="Src\Framework\Direct3D">
      <UniqueIdentifier>{f193abd5-e51c-466e-a937-722bc9175e9a}</UniqueIdentifier>
    </Filter>
    <Filter Include="Src\Framework\Utility">
      <UniqueIdentifier>{f5d733b1-5031-4659-a9d4-0dd3add1e5fb}</UniqueIdentifier>
    </Filter>
    <Filter Include="Src\Framework\Window">
      <UniqueIdentifier>{cb022f2a-c5a2-449b-9b70-5110aff8550f}</UniqueIdentifier>
    </Filter>
    <Filter Include="Library\tinygltf">
      <UniqueIdentifier>{307bfbcd-124f-4ad7-85f5-3fd94f814b1f}</UniqueIdentifier>
    </Filter>
    <Filter Include="Src\Framework\Shader">
      <UniqueIdentifier>{93543c0c-58fe-4a94-8279-7be3021b65b1}</UniqueIdentifier>
    </Filter>
    <Filter Include="Src\Framework\Shader\SpriteShader">
      <UniqueIdentifier>{2da4d471-f4e8-4b2d-bdef-b93f91523b8b}</UniqueIdentifier>
    </Filter>
    <Filter Include="Src\Application">
      <UniqueIdentifier>{d0d0f9cf-dabd-4346-bc9a-d9c04cf42372}</UniqueIdentifier>
    </Filter>
    <Filter Include="Src\Framework\Math">
      <UniqueIdentifier>{04f33e76-24f0-4a58-9355-5770b3f6f9c6}</UniqueIdentifier>
    </Filter>
    <Filter Include="Src\Framework\Audio">
      <UniqueIdentifier>{2a0de30f-d7e8-4517-a9a1-20de6e434592}</UniqueIdentifier>
    </Filter>
    <Filter Include="Src\Framework\Shader\PostProcessShader">
      <UniqueIdentifier>{bfef98c3-f0b2-41b1-b813-6f298072287b}</UniqueIdentifier>
    </Filter>
    <Filter Include="Src\Framework\GameObject">
      <UniqueIdentifier>{d45ba257-913b-44e3-a012-888d7b6f2b68}</UniqueIdentifier>
    </Filter>
    <Filter Include="Src\Framework\Input">
      <UniqueIdentifier>{9bd33b87-53db-4bc0-b98d-80db98f4ba9b}</UniqueIdentifier>
    </Filter>
    <Filter Include="Src\Framework\Direct3D\Polygon">
      <UniqueIdentifier>{b91bce2d-4487-485a-a855-b2bb6ce0d30b}</UniqueIdentifier>
    </Filter>
    <Filter Include="Src\Framework\Shader\StandardShader">
      <UniqueIdentifier>{857913be-4481-4606-9719-87518d4a6aeb}</UniqueIdentifier>
    </Filter>
    <Filter Include="Src\Framework\Effekseer">
      <UniqueIdentifier>{c81b93e4-2f33-496a-985e-98658f1cec51}</UniqueIdentifier>
    </Filter>
    <Filter Include="Src\Application\Scene">
      <UniqueIdentifier>{da9235ec-08f1-4792-b71d-c58634fffb0f}</UniqueIdentifier>
    </Filter>
    <Filter Include="Src\Application\Scene\BaseScene">
      <UniqueIdentifier>{4a92479c-59c1-425c-bddf-335a143a7dd6}</UniqueIdentifier>
    </Filter>
    <Filter Include="Src\Application\Scene\TitleScene">
      <UniqueIdentifier>{d7ac0f8a-d355-4bcf-8801-9f5c06ab1e33}</UniqueIdentifier>
    </Filter>
    <Filter Include="Src\Application\Scene\GameScene">
      <UniqueIdentifier>{15b4a73e-7369-4959-bb49-4b163a24b7b5}</UniqueIdentifier>
    </Filter>
    <Filter Include="Library\imgui">
      <UniqueIdentifier>{b17bb8db-9ca3-4b8f-8d13-84bd3e97ab97}</UniqueIdentifier>
    </Filter>
    <Filter Include="Src\Application\Object">
      <UniqueIdentifier>{7b03ac67-e544-4d14-9674-59fe906c3cf9}</UniqueIdentifier>
    </Filter>
    <Filter Include="Src\Application\Object\Player">
      <UniqueIdentifier>{d7ef74b9-8b74-4675-97d6-e8a4c00167cc}</UniqueIdentifier>
    </Filter>
    <Filter Include="Src\Application\ImGuiManager">
      <UniqueIdentifier>{bce72ed7-05ad-4001-afd1-6f9f12cbf0ab}</UniqueIdentifier>
    </Filter>
    <Filter Include="Src\Application\Object\Enemy">
      <UniqueIdentifier>{4342e5db-e6f9-4908-b199-ba7badf18af3}</UniqueIdentifier>
    </Filter>
    <Filter Include="Src\Application\Object\Enemy\Enemy03">
      <UniqueIdentifier>{2f21d9f7-272e-46b0-88f0-ea8a2ed878de}</UniqueIdentifier>
    </Filter>
    <Filter Include="Src\Application\Object\Enemy\Enemy01">
      <UniqueIdentifier>{202d943d-c4fe-4af9-9d9b-ff0e1894c076}</UniqueIdentifier>
    </Filter>
    <Filter Include="Src\Application\Object\Enemy\Enemy02">
      <UniqueIdentifier>{50963397-8825-4c13-82e6-5e198321dc35}</UniqueIdentifier>
    </Filter>
    <Filter Include="Src\Application\AssetManager">
      <UniqueIdentifier>{54eb2e43-25a1-41aa-87c9-e9249d47ab51}</UniqueIdentifier>
    </Filter>
    <Filter Include="Src\Application\Object\Bullet">
      <UniqueIdentifier>{e19058bf-cce6-4800-b2d3-1b876f1cd4c7}</UniqueIdentifier>
    </Filter>
    <Filter Include="Src\Application\Object\Bullet\PlayerBullet01">
      <UniqueIdentifier>{9b7d6f30-40fa-425e-ba36-99a14c30eb8a}</UniqueIdentifier>
    </Filter>
    <Filter Include="Src\Application\Object\Bullet\EnemyBullet">
      <UniqueIdentifier>{2f7cdba9-a5c2-4d96-a372-92fe0b97fef9}</UniqueIdentifier>
    </Filter>
    <Filter Include="Src\Application\Object\Enemy\Boss">
      <UniqueIdentifier>{a432c696-68d8-48fc-bf51-ddf88ae83473}</UniqueIdentifier>
    </Filter>
    <Filter Include="Src\Application\Object\Camera">
      <UniqueIdentifier>{5881d598-c277-4272-8baf-1489364403f9}</UniqueIdentifier>
    </Filter>
    <Filter Include="Src\Application\Object\HpBar">
      <UniqueIdentifier>{4196582b-e5b1-46f7-824a-8b524c0be4a0}</UniqueIdentifier>
    </Filter>
    <Filter Include="Src\Application\Object\HpBar\BossHp">
      <UniqueIdentifier>{6b2941cd-54b7-4d7a-9dc7-b8299292e91c}</UniqueIdentifier>
    </Filter>
    <Filter Include="Src\Application\Object\Map">
      <UniqueIdentifier>{f6ccf916-083e-4cc3-afb9-ce4c318d6ac0}</UniqueIdentifier>
    </Filter>
    <Filter Include="Src\Application\Object\Map\MapBackGround">
      <UniqueIdentifier>{2e3f5c28-9ed3-439a-b644-493cd319d5fa}</UniqueIdentifier>
    </Filter>
    <Filter Include="Src\Application\Object\Map\MapPlayerIcon">
      <UniqueIdentifier>{b8b701ef-82e9-4e91-a70b-486daa9ea178}</UniqueIdentifier>
    </Filter>
    <Filter Include="Src\Application\Object\Map\MapMonolithPoint">
      <UniqueIdentifier>{a7fc60a5-90d9-4114-9633-e1dec4a196ae}</UniqueIdentifier>
    </Filter>
    <Filter Include="Src\Application\Object\HpBar\MonolithHp">
      <UniqueIdentifier>{7be6010c-6c66-4b39-84c1-7cbd8e6d1202}</UniqueIdentifier>
    </Filter>
    <Filter Include="Src\Application\Object\Map\MapEnemyPoint">
      <UniqueIdentifier>{ee88a9d5-6237-4685-9042-4a777941ecf1}</UniqueIdentifier>
    </Filter>
    <Filter Include="Src\Application\Object\Stage">
      <UniqueIdentifier>{88797548-50f5-4130-b11a-291298d2cdcd}</UniqueIdentifier>
    </Filter>
    <Filter Include="Src\Application\Object\Stage\Ground">
      <UniqueIdentifier>{4e823812-3b8f-4dca-be7f-689759929441}</UniqueIdentifier>
    </Filter>
    <Filter Include="Src\Application\Object\Stage\Monolith">
      <UniqueIdentifier>{a2fd2fd7-8c8b-4aee-acf7-e7c720757cb9}</UniqueIdentifier>
    </Filter>
    <Filter Include="Src\Application\Object\Stage\Pillar">
      <UniqueIdentifier>{169121e0-d050-4477-a1f1-f49c983deef4}</UniqueIdentifier>
    </Filter>
    <Filter Include="Src\Application\Object\Stage\WallFrame">
      <UniqueIdentifier>{ed09bb3e-797d-4752-bb0c-a9ae501327fc}</UniqueIdentifier>
    </Filter>
    <Filter Include="Src\Application\Object\Stage\BackGround">
      <UniqueIdentifier>{9e658cc7-b1f7-4ffa-b666-1f7f32185559}</UniqueIdentifier>
    </Filter>
    <Filter Include="Src\Application\EnemyManager">
      <UniqueIdentifier>{4e21400f-7222-4c46-b713-9f3befe2aa0c}</UniqueIdentifier>
    </Filter>
    <Filter Include="Src\Application\Object\Effect">
      <UniqueIdentifier>{e71b36c2-597f-4f13-b56e-fa63a9796b05}</UniqueIdentifier>
    </Filter>
    <Filter Include="Src\Application\Object\Effect\PlayerAttack">
      <UniqueIdentifier>{4402e460-335c-4beb-8903-6cc65d340d1b}</UniqueIdentifier>
    </Filter>
    <Filter Include="Src\Application\Animation">
      <UniqueIdentifier>{973e9af9-95dd-4bf8-a583-4e39fb2900c5}</UniqueIdentifier>
    </Filter>
    <Filter Include="Src\Application\Object\Effect\EnemyAttack">
      <UniqueIdentifier>{90a8aa4a-ac5d-423f-a3d5-1e30c05026d4}</UniqueIdentifier>
    </Filter>
    <Filter Include="Src\Application\Object\Effect\AttackImpact">
      <UniqueIdentifier>{c2a40394-19af-4968-932a-baedd33eb454}</UniqueIdentifier>
    </Filter>
    <Filter Include="Src\Application\Object\Effect\EnemyBulletHit">
      <UniqueIdentifier>{81a756eb-cd01-4404-9434-479b5fffe96d}</UniqueIdentifier>
    </Filter>
  </ItemGroup>
  <ItemGroup>
    <ClInclude Include="src\Pch.h">
      <Filter>Src</Filter>
    </ClInclude>
    <ClInclude Include="..\Library\tinygltf\json.hpp">
      <Filter>Library\tinygltf</Filter>
    </ClInclude>
    <ClInclude Include="..\Library\tinygltf\stb_image.h">
      <Filter>Library\tinygltf</Filter>
    </ClInclude>
    <ClInclude Include="..\Library\tinygltf\stb_image_write.h">
      <Filter>Library\tinygltf</Filter>
    </ClInclude>
    <ClInclude Include="..\Library\tinygltf\tiny_gltf.h">
      <Filter>Library\tinygltf</Filter>
    </ClInclude>
    <ClInclude Include="Src\Application\main.h">
      <Filter>Src\Application</Filter>
    </ClInclude>
    <ClInclude Include="src\Framework\Direct3D\KdDirect3D.h">
      <Filter>Src\Framework\Direct3D</Filter>
    </ClInclude>
    <ClInclude Include="src\Framework\Direct3D\KdTexture.h">
      <Filter>Src\Framework\Direct3D</Filter>
    </ClInclude>
    <ClInclude Include="src\Framework\Direct3D\KdBuffer.h">
      <Filter>Src\Framework\Direct3D</Filter>
    </ClInclude>
    <ClInclude Include="Src\Framework\Direct3D\KdGLTFLoader.h">
      <Filter>Src\Framework\Direct3D</Filter>
    </ClInclude>
    <ClInclude Include="Src\Framework\Shader\KdShaderManager.h">
      <Filter>Src\Framework\Shader</Filter>
    </ClInclude>
    <ClInclude Include="Src\Framework\Shader\SpriteShader\KdSpriteShader.h">
      <Filter>Src\Framework\Shader\SpriteShader</Filter>
    </ClInclude>
    <ClInclude Include="src\Framework\Utility\KdUtility.h">
      <Filter>Src\Framework\Utility</Filter>
    </ClInclude>
    <ClInclude Include="src\Framework\KdFramework.h">
      <Filter>Src\Framework</Filter>
    </ClInclude>
    <ClInclude Include="..\Library\strconv.h">
      <Filter>Library</Filter>
    </ClInclude>
    <ClInclude Include="src\Framework\Window\KdWindow.h">
      <Filter>Src\Framework\Window</Filter>
    </ClInclude>
    <ClInclude Include="src\Framework\Direct3D\KdMesh.h">
      <Filter>Src\Framework\Direct3D</Filter>
    </ClInclude>
    <ClInclude Include="Src\Framework\Direct3D\KdModel.h">
      <Filter>Src\Framework\Direct3D</Filter>
    </ClInclude>
    <ClInclude Include="Src\Framework\Math\KdCollision.h">
      <Filter>Src\Framework\Math</Filter>
    </ClInclude>
    <ClInclude Include="Src\Framework\Math\KdAnimation.h">
      <Filter>Src\Framework\Math</Filter>
    </ClInclude>
    <ClInclude Include="Src\Framework\Audio\KdAudio.h">
      <Filter>Src\Framework\Audio</Filter>
    </ClInclude>
    <ClInclude Include="Src\Framework\Direct3D\KdCamera.h">
      <Filter>Src\Framework\Direct3D</Filter>
    </ClInclude>
    <ClInclude Include="Src\Framework\Shader\PostProcessShader\KdPostProcessShader.h">
      <Filter>Src\Framework\Shader\PostProcessShader</Filter>
    </ClInclude>
    <ClInclude Include="Src\Framework\Math\KdCollider.h">
      <Filter>Src\Framework\Math</Filter>
    </ClInclude>
    <ClInclude Include="Src\Framework\Math\KdEasing.h">
      <Filter>Src\Framework\Math</Filter>
    </ClInclude>
    <ClInclude Include="Src\Framework\GameObject\KdGameObject.h">
      <Filter>Src\Framework\GameObject</Filter>
    </ClInclude>
    <ClInclude Include="Src\Framework\GameObject\KdGameObjectFactory.h">
      <Filter>Src\Framework\GameObject</Filter>
    </ClInclude>
    <ClInclude Include="Src\Framework\Input\KdInput.h">
      <Filter>Src\Framework\Input</Filter>
    </ClInclude>
    <ClInclude Include="Src\Framework\Utility\KdCSVData.h">
      <Filter>Src\Framework\Utility</Filter>
    </ClInclude>
    <ClInclude Include="Src\Framework\Direct3D\Polygon\KdPolygon.h">
      <Filter>Src\Framework\Direct3D\Polygon</Filter>
    </ClInclude>
    <ClInclude Include="Src\Framework\Direct3D\Polygon\KdSquarePolygon.h">
      <Filter>Src\Framework\Direct3D\Polygon</Filter>
    </ClInclude>
    <ClInclude Include="Src\Framework\Direct3D\Polygon\KdTrailPolygon.h">
      <Filter>Src\Framework\Direct3D\Polygon</Filter>
    </ClInclude>
    <ClInclude Include="Src\Framework\Direct3D\KdMaterial.h">
      <Filter>Src\Framework\Direct3D</Filter>
    </ClInclude>
    <ClInclude Include="Src\Framework\Utility\KdDataStorage.h">
      <Filter>Src\Framework\Utility</Filter>
    </ClInclude>
    <ClInclude Include="Src\Framework\Shader\KdAmbientController.h">
      <Filter>Src\Framework\Shader</Filter>
    </ClInclude>
    <ClInclude Include="Src\Framework\Math\KdUVAnimation.h">
      <Filter>Src\Framework\Math</Filter>
    </ClInclude>
    <ClInclude Include="Src\Framework\Shader\KdRenderTargetChange.h">
      <Filter>Src\Framework\Shader</Filter>
    </ClInclude>
    <ClInclude Include="Src\Framework\Utility\KdFPSController.h">
      <Filter>Src\Framework\Utility</Filter>
    </ClInclude>
    <ClInclude Include="Src\Framework\Utility\KdDebugWireFrame.h">
      <Filter>Src\Framework\Utility</Filter>
    </ClInclude>
    <ClInclude Include="Src\Framework\Shader\StandardShader\KdStandardShader.h">
      <Filter>Src\Framework\Shader\StandardShader</Filter>
    </ClInclude>
    <ClInclude Include="Src\Framework\Effekseer\KdEffekseerManager.h">
      <Filter>Src\Framework\Effekseer</Filter>
    </ClInclude>
    <ClInclude Include="Src\Application\Scene\SceneManager.h">
      <Filter>Src\Application\Scene</Filter>
    </ClInclude>
    <ClInclude Include="Src\Application\Scene\BaseScene\BaseScene.h">
      <Filter>Src\Application\Scene\BaseScene</Filter>
    </ClInclude>
    <ClInclude Include="Src\Application\Scene\GameScene\GameScene.h">
      <Filter>Src\Application\Scene\GameScene</Filter>
    </ClInclude>
    <ClInclude Include="Src\Application\Scene\TitleScene\TitleScene.h">
      <Filter>Src\Application\Scene\TitleScene</Filter>
    </ClInclude>
    <ClInclude Include="..\Library\imgui\imconfig.h">
      <Filter>Library\imgui</Filter>
    </ClInclude>
    <ClInclude Include="..\Library\imgui\imgui.h">
      <Filter>Library\imgui</Filter>
    </ClInclude>
    <ClInclude Include="..\Library\imgui\imgui_impl_dx11.h">
      <Filter>Library\imgui</Filter>
    </ClInclude>
    <ClInclude Include="..\Library\imgui\imgui_impl_win32.h">
      <Filter>Library\imgui</Filter>
    </ClInclude>
    <ClInclude Include="..\Library\imgui\imgui_internal.h">
      <Filter>Library\imgui</Filter>
    </ClInclude>
    <ClInclude Include="..\Library\imgui\imgui_stdlib.h">
      <Filter>Library\imgui</Filter>
    </ClInclude>
    <ClInclude Include="..\Library\imgui\imstb_rectpack.h">
      <Filter>Library\imgui</Filter>
    </ClInclude>
    <ClInclude Include="..\Library\imgui\imstb_textedit.h">
      <Filter>Library\imgui</Filter>
    </ClInclude>
    <ClInclude Include="..\Library\imgui\imstb_truetype.h">
      <Filter>Library\imgui</Filter>
    </ClInclude>
    <ClInclude Include="..\Library\imgui\ja_glyph_ranges.h">
      <Filter>Library\imgui</Filter>
    </ClInclude>
    <ClInclude Include="Src\Application\Object\Player\Player.h">
      <Filter>Src\Application\Object\Player</Filter>
    </ClInclude>
    <ClInclude Include="Src\Application\ImGuiManager\ImGuiManager.h">
      <Filter>Src\Application\ImGuiManager</Filter>
    </ClInclude>
    <ClInclude Include="Src\Application\Object\Enemy\Enemy01\Enemy01.h">
      <Filter>Src\Application\Object\Enemy\Enemy01</Filter>
    </ClInclude>
    <ClInclude Include="Src\Application\Object\Enemy\Enemy02\Enemy02.h">
      <Filter>Src\Application\Object\Enemy\Enemy02</Filter>
    </ClInclude>
    <ClInclude Include="Src\Application\Object\Enemy\Enemy03\Enemy03.h">
      <Filter>Src\Application\Object\Enemy\Enemy03</Filter>
    </ClInclude>
    <ClInclude Include="Src\Application\Object\Enemy\BaseEnemy.h">
      <Filter>Src\Application\Object\Enemy</Filter>
    </ClInclude>
    <ClInclude Include="Src\Application\AssetManager\AssetManager.h">
      <Filter>Src\Application\AssetManager</Filter>
    </ClInclude>
    <ClInclude Include="Src\Application\Object\Bullet\BaseBullet.h">
      <Filter>Src\Application\Object\Bullet</Filter>
    </ClInclude>
    <ClInclude Include="Src\Application\Object\Bullet\PlayerBullet01\PlayerBullet01.h">
      <Filter>Src\Application\Object\Bullet\PlayerBullet01</Filter>
    </ClInclude>
    <ClInclude Include="Src\Application\Object\Enemy\Boss\Boss.h">
      <Filter>Src\Application\Object\Enemy\Boss</Filter>
    </ClInclude>
    <ClInclude Include="Src\Application\Object\Bullet\EnemyBullet\EnemyBullet.h">
      <Filter>Src\Application\Object\Bullet\EnemyBullet</Filter>
    </ClInclude>
    <ClInclude Include="Src\Application\Object\HpBar\BaseHpBar.h">
      <Filter>Src\Application\Object\HpBar</Filter>
    </ClInclude>
    <ClInclude Include="Src\Application\Object\Camera\Camera.h">
      <Filter>Src\Application\Object\Camera</Filter>
    </ClInclude>
    <ClInclude Include="Src\Application\Object\HpBar\BossHp\BossHp.h">
      <Filter>Src\Application\Object\HpBar\BossHp</Filter>
    </ClInclude>
    <ClInclude Include="Src\Application\Object\Map\BaseMap.h">
      <Filter>Src\Application\Object\Map</Filter>
    </ClInclude>
    <ClInclude Include="Src\Application\Object\Map\MapBackGround\MapBackGround.h">
      <Filter>Src\Application\Object\Map\MapBackGround</Filter>
    </ClInclude>
    <ClInclude Include="Src\Application\Object\Map\MapPlayerIcon\MapPlayerIcon.h">
      <Filter>Src\Application\Object\Map\MapPlayerIcon</Filter>
    </ClInclude>
    <ClInclude Include="Src\Application\Object\HpBar\MonolithHp\MonolithHP.h">
      <Filter>Src\Application\Object\HpBar\MonolithHp</Filter>
    </ClInclude>
    <ClInclude Include="Src\Application\Object\Map\MapMonolithPoint\MapMonolithPoint.h">
      <Filter>Src\Application\Object\Map\MapMonolithPoint</Filter>
    </ClInclude>
    <ClInclude Include="Src\Application\Object\Map\MapEnemyPoint\MapEnemyPoint.h">
      <Filter>Src\Application\Object\Map\MapEnemyPoint</Filter>
    </ClInclude>
    <ClInclude Include="Src\Application\Object\Stage\BaseStage.h">
      <Filter>Src\Application\Object\Stage</Filter>
    </ClInclude>
    <ClInclude Include="Src\Application\Object\Stage\BackGround\BackGround.h">
      <Filter>Src\Application\Object\Stage\BackGround</Filter>
    </ClInclude>
    <ClInclude Include="Src\Application\Object\Stage\Ground\Ground.h">
      <Filter>Src\Application\Object\Stage\Ground</Filter>
    </ClInclude>
    <ClInclude Include="Src\Application\Object\Stage\Monolith\Monolith.h">
      <Filter>Src\Application\Object\Stage\Monolith</Filter>
    </ClInclude>
    <ClInclude Include="Src\Application\Object\Stage\Pillar\Pillar.h">
      <Filter>Src\Application\Object\Stage\Pillar</Filter>
    </ClInclude>
    <ClInclude Include="Src\Application\Object\Stage\WallFawme\WallFrame.h">
      <Filter>Src\Application\Object\Stage\WallFrame</Filter>
    </ClInclude>
    <ClInclude Include="Src\Application\EnemyManager\EnemyManager.h">
      <Filter>Src\Application\EnemyManager</Filter>
    </ClInclude>
    <ClInclude Include="Src\Application\Object\Effect\BaseEffect.h">
      <Filter>Src\Application\Object\Effect</Filter>
    </ClInclude>
    <ClInclude Include="Src\Application\Object\Effect\PlayerAttack\PlayerAttack.h">
      <Filter>Src\Application\Object\Effect\PlayerAttack</Filter>
    </ClInclude>
    <ClInclude Include="Src\Application\Animation\Animation.h">
      <Filter>Src\Application\Animation</Filter>
    </ClInclude>
    <ClInclude Include="Src\Application\Object\Effect\EnemyAttack\EnemyAttack.h">
      <Filter>Src\Application\Object\Effect\EnemyAttack</Filter>
    </ClInclude>
    <ClInclude Include="Src\Application\Object\Effect\AttackImpact\AttackImpact.h">
      <Filter>Src\Application\Object\Effect\AttackImpact</Filter>
    </ClInclude>
    <ClInclude Include="Src\Application\Object\Effect\EnemyBulletHit\EnemyBulletHit.h">
      <Filter>Src\Application\Object\Effect\EnemyBulletHit</Filter>
    </ClInclude>
  </ItemGroup>
  <ItemGroup>
    <ClCompile Include="src\Pch.cpp">
      <Filter>Src</Filter>
    </ClCompile>
    <ClCompile Include="Src\Application\main.cpp">
      <Filter>Src\Application</Filter>
    </ClCompile>
    <ClCompile Include="src\Framework\Direct3D\KdDirect3D.cpp">
      <Filter>Src\Framework\Direct3D</Filter>
    </ClCompile>
    <ClCompile Include="src\Framework\Direct3D\KdTexture.cpp">
      <Filter>Src\Framework\Direct3D</Filter>
    </ClCompile>
    <ClCompile Include="src\Framework\Direct3D\KdBuffer.cpp">
      <Filter>Src\Framework\Direct3D</Filter>
    </ClCompile>
    <ClCompile Include="Src\Framework\Direct3D\KdGLTFLoader.cpp">
      <Filter>Src\Framework\Direct3D</Filter>
    </ClCompile>
    <ClCompile Include="Src\Framework\Shader\KdShaderManager.cpp">
      <Filter>Src\Framework\Shader</Filter>
    </ClCompile>
    <ClCompile Include="Src\Framework\Shader\SpriteShader\KdSpriteShader.cpp">
      <Filter>Src\Framework\Shader\SpriteShader</Filter>
    </ClCompile>
    <ClCompile Include="src\Framework\Window\KdWindow.cpp">
      <Filter>Src\Framework\Window</Filter>
    </ClCompile>
    <ClCompile Include="Src\Framework\Utility\KdUtility.cpp">
      <Filter>Src\Framework\Utility</Filter>
    </ClCompile>
    <ClCompile Include="src\Framework\Direct3D\KdMesh.cpp">
      <Filter>Src\Framework\Direct3D</Filter>
    </ClCompile>
    <ClCompile Include="Src\Framework\Direct3D\KdModel.cpp">
      <Filter>Src\Framework\Direct3D</Filter>
    </ClCompile>
    <ClCompile Include="Src\Framework\Math\KdCollision.cpp">
      <Filter>Src\Framework\Math</Filter>
    </ClCompile>
    <ClCompile Include="Src\Framework\Math\KdAnimation.cpp">
      <Filter>Src\Framework\Math</Filter>
    </ClCompile>
    <ClCompile Include="Src\Framework\Audio\KdAudio.cpp">
      <Filter>Src\Framework\Audio</Filter>
    </ClCompile>
    <ClCompile Include="Src\Framework\Direct3D\KdCamera.cpp">
      <Filter>Src\Framework\Direct3D</Filter>
    </ClCompile>
    <ClCompile Include="Src\Framework\Shader\PostProcessShader\KdPostProcessShader.cpp">
      <Filter>Src\Framework\Shader\PostProcessShader</Filter>
    </ClCompile>
    <ClCompile Include="Src\Framework\Math\KdCollider.cpp">
      <Filter>Src\Framework\Math</Filter>
    </ClCompile>
    <ClCompile Include="Src\Framework\Math\KdEasing.cpp">
      <Filter>Src\Framework\Math</Filter>
    </ClCompile>
    <ClCompile Include="Src\Framework\GameObject\KdGameObject.cpp">
      <Filter>Src\Framework\GameObject</Filter>
    </ClCompile>
    <ClCompile Include="Src\Framework\GameObject\KdGameObjectFactory.cpp">
      <Filter>Src\Framework\GameObject</Filter>
    </ClCompile>
    <ClCompile Include="Src\Framework\Input\KdInput.cpp">
      <Filter>Src\Framework\Input</Filter>
    </ClCompile>
    <ClCompile Include="Src\Framework\Utility\KdCSVData.cpp">
      <Filter>Src\Framework\Utility</Filter>
    </ClCompile>
    <ClCompile Include="Src\Framework\Direct3D\Polygon\KdSquarePolygon.cpp">
      <Filter>Src\Framework\Direct3D\Polygon</Filter>
    </ClCompile>
    <ClCompile Include="Src\Framework\Direct3D\Polygon\KdTrailPolygon.cpp">
      <Filter>Src\Framework\Direct3D\Polygon</Filter>
    </ClCompile>
    <ClCompile Include="Src\Framework\Direct3D\KdMaterial.cpp">
      <Filter>Src\Framework\Direct3D</Filter>
    </ClCompile>
    <ClCompile Include="Src\Framework\Direct3D\Polygon\KdPolygon.cpp">
      <Filter>Src\Framework\Direct3D\Polygon</Filter>
    </ClCompile>
    <ClCompile Include="Src\Framework\Shader\KdAmbientController.cpp">
      <Filter>Src\Framework\Shader</Filter>
    </ClCompile>
    <ClCompile Include="Src\Framework\Math\KdUVAnimation.cpp">
      <Filter>Src\Framework\Math</Filter>
    </ClCompile>
    <ClCompile Include="Src\Framework\Shader\KdRenderTargetChange.cpp">
      <Filter>Src\Framework\Shader</Filter>
    </ClCompile>
    <ClCompile Include="Src\Framework\Utility\KdFPSController.cpp">
      <Filter>Src\Framework\Utility</Filter>
    </ClCompile>
    <ClCompile Include="Src\Framework\Utility\KdDebugWireFrame.cpp">
      <Filter>Src\Framework\Utility</Filter>
    </ClCompile>
    <ClCompile Include="Src\Framework\Shader\StandardShader\KdStandardShader.cpp">
      <Filter>Src\Framework\Shader\StandardShader</Filter>
    </ClCompile>
    <ClCompile Include="Src\Framework\Effekseer\KdEffekseerManager.cpp">
      <Filter>Src\Framework\Effekseer</Filter>
    </ClCompile>
    <ClCompile Include="Src\Application\Scene\SceneManager.cpp">
      <Filter>Src\Application\Scene</Filter>
    </ClCompile>
    <ClCompile Include="Src\Application\Scene\BaseScene\BaseScene.cpp">
      <Filter>Src\Application\Scene\BaseScene</Filter>
    </ClCompile>
    <ClCompile Include="Src\Application\Scene\GameScene\GameScene.cpp">
      <Filter>Src\Application\Scene\GameScene</Filter>
    </ClCompile>
    <ClCompile Include="Src\Application\Scene\TitleScene\TitleScene.cpp">
      <Filter>Src\Application\Scene\TitleScene</Filter>
    </ClCompile>
    <ClCompile Include="..\Library\imgui\imgui.cpp">
      <Filter>Library\imgui</Filter>
    </ClCompile>
    <ClCompile Include="..\Library\imgui\imgui_demo.cpp">
      <Filter>Library\imgui</Filter>
    </ClCompile>
    <ClCompile Include="..\Library\imgui\imgui_draw.cpp">
      <Filter>Library\imgui</Filter>
    </ClCompile>
    <ClCompile Include="..\Library\imgui\imgui_impl_dx11.cpp">
      <Filter>Library\imgui</Filter>
    </ClCompile>
    <ClCompile Include="..\Library\imgui\imgui_impl_win32.cpp">
      <Filter>Library\imgui</Filter>
    </ClCompile>
    <ClCompile Include="..\Library\imgui\imgui_stdlib.cpp">
      <Filter>Library\imgui</Filter>
    </ClCompile>
    <ClCompile Include="..\Library\imgui\imgui_tables.cpp">
      <Filter>Library\imgui</Filter>
    </ClCompile>
    <ClCompile Include="..\Library\imgui\imgui_widgets.cpp">
      <Filter>Library\imgui</Filter>
    </ClCompile>
    <ClCompile Include="Src\Application\Object\Player\Player.cpp">
      <Filter>Src\Application\Object\Player</Filter>
    </ClCompile>
    <ClCompile Include="Src\Application\ImGuiManager\ImGuiManager.cpp">
      <Filter>Src\Application\ImGuiManager</Filter>
    </ClCompile>
    <ClCompile Include="Src\Application\Object\Enemy\Enemy01\Enemy01.cpp">
      <Filter>Src\Application\Object\Enemy\Enemy01</Filter>
    </ClCompile>
    <ClCompile Include="Src\Application\Object\Enemy\Enemy02\Enemy02.cpp">
      <Filter>Src\Application\Object\Enemy\Enemy02</Filter>
    </ClCompile>
    <ClCompile Include="Src\Application\Object\Enemy\Enemy03\Enemy03.cpp">
      <Filter>Src\Application\Object\Enemy\Enemy03</Filter>
    </ClCompile>
    <ClCompile Include="Src\Application\Object\Enemy\BaseEnemy.cpp">
      <Filter>Src\Application\Object\Enemy</Filter>
    </ClCompile>
    <ClCompile Include="Src\Application\AssetManager\AssetManager.cpp">
      <Filter>Src\Application\AssetManager</Filter>
    </ClCompile>
    <ClCompile Include="Src\Application\Object\Bullet\BaseBullet.cpp">
      <Filter>Src\Application\Object\Bullet</Filter>
    </ClCompile>
    <ClCompile Include="Src\Application\Object\Bullet\PlayerBullet01\PlayerBullet01.cpp">
      <Filter>Src\Application\Object\Bullet\PlayerBullet01</Filter>
    </ClCompile>
    <ClCompile Include="Src\Application\Object\Enemy\Boss\Boss.cpp">
      <Filter>Src\Application\Object\Enemy\Boss</Filter>
    </ClCompile>
    <ClCompile Include="Src\Application\Object\Bullet\EnemyBullet\EnemyBullet.cpp">
      <Filter>Src\Application\Object\Bullet\EnemyBullet</Filter>
    </ClCompile>
    <ClCompile Include="Src\Application\Object\HpBar\BaseHpBar.cpp">
      <Filter>Src\Application\Object\HpBar</Filter>
    </ClCompile>
    <ClCompile Include="Src\Application\Object\Camera\Camera.cpp">
      <Filter>Src\Application\Object\Camera</Filter>
    </ClCompile>
    <ClCompile Include="Src\Application\Object\HpBar\BossHp\BossHp.cpp">
      <Filter>Src\Application\Object\HpBar\BossHp</Filter>
    </ClCompile>
    <ClCompile Include="Src\Application\Object\Map\BaseMap.cpp">
      <Filter>Src\Application\Object\Map</Filter>
    </ClCompile>
    <ClCompile Include="Src\Application\Object\Map\MapBackGround\MapBackGround.cpp">
      <Filter>Src\Application\Object\Map\MapBackGround</Filter>
    </ClCompile>
    <ClCompile Include="Src\Application\Object\Map\MapPlayerIcon\MapPlayerIcon.cpp">
      <Filter>Src\Application\Object\Map\MapPlayerIcon</Filter>
    </ClCompile>
    <ClCompile Include="Src\Application\Object\HpBar\MonolithHp\MonolithHP.cpp">
      <Filter>Src\Application\Object\HpBar\MonolithHp</Filter>
    </ClCompile>
    <ClCompile Include="Src\Application\Object\Map\MapMonolithPoint\MapMonolithPoint.cpp">
      <Filter>Src\Application\Object\Map\MapMonolithPoint</Filter>
    </ClCompile>
    <ClCompile Include="Src\Application\Object\Map\MapEnemyPoint\MapEnemyPoint.cpp">
      <Filter>Src\Application\Object\Map\MapEnemyPoint</Filter>
    </ClCompile>
    <ClCompile Include="Src\Application\Object\Stage\BaseStage.cpp">
      <Filter>Src\Application\Object\Stage</Filter>
    </ClCompile>
    <ClCompile Include="Src\Application\Object\Stage\BackGround\BackGround.cpp">
      <Filter>Src\Application\Object\Stage\BackGround</Filter>
    </ClCompile>
    <ClCompile Include="Src\Application\Object\Stage\Ground\Ground.cpp">
      <Filter>Src\Application\Object\Stage\Ground</Filter>
    </ClCompile>
    <ClCompile Include="Src\Application\Object\Stage\Monolith\Monolith.cpp">
      <Filter>Src\Application\Object\Stage\Monolith</Filter>
    </ClCompile>
    <ClCompile Include="Src\Application\Object\Stage\Pillar\Pillar.cpp">
      <Filter>Src\Application\Object\Stage\Pillar</Filter>
    </ClCompile>
    <ClCompile Include="Src\Application\Object\Stage\WallFawme\WallFrame.cpp">
      <Filter>Src\Application\Object\Stage\WallFrame</Filter>
    </ClCompile>
    <ClCompile Include="Src\Application\EnemyManager\EnemyManager.cpp">
      <Filter>Src\Application\EnemyManager</Filter>
    </ClCompile>
    <ClCompile Include="Src\Application\Object\Effect\BaseEffect.cpp">
      <Filter>Src\Application\Object\Effect</Filter>
    </ClCompile>
    <ClCompile Include="Src\Application\Object\Effect\PlayerAttack\PlayerAttack.cpp">
      <Filter>Src\Application\Object\Effect\PlayerAttack</Filter>
    </ClCompile>
    <ClCompile Include="Src\Application\Animation\Animation.cpp">
      <Filter>Src\Application\Animation</Filter>
    </ClCompile>
    <ClCompile Include="Src\Application\Object\Effect\EnemyAttack\EnemyAttack.cpp">
      <Filter>Src\Application\Object\Effect\EnemyAttack</Filter>
    </ClCompile>
    <ClCompile Include="Src\Application\Object\Effect\AttackImpact\AttackImpact.cpp">
      <Filter>Src\Application\Object\Effect\AttackImpact</Filter>
    </ClCompile>
    <ClCompile Include="Src\Application\Object\Effect\EnemyBulletHit\EnemyBulletHit.cpp">
      <Filter>Src\Application\Object\Effect\EnemyBulletHit</Filter>
    </ClCompile>
  </ItemGroup>
  <ItemGroup>
    <None Include="Src\Framework\Shader\inc_KdCommon.hlsli">
      <Filter>Src\Framework\Shader</Filter>
    </None>
    <None Include="Src\Framework\Shader\SpriteShader\inc_KdSpriteShader.hlsli">
      <Filter>Src\Framework\Shader\SpriteShader</Filter>
    </None>
    <None Include="Src\Framework\Shader\PostProcessShader\inc_KdPostProcessShader.hlsli">
      <Filter>Src\Framework\Shader\PostProcessShader</Filter>
    </None>
    <None Include="Src\Framework\Shader\StandardShader\inc_KdStandardShader.hlsli">
      <Filter>Src\Framework\Shader\StandardShader</Filter>
    </None>
  </ItemGroup>
  <ItemGroup>
    <FxCompile Include="Src\Framework\Shader\SpriteShader\KdSpriteShader_PS.hlsl">
      <Filter>Src\Framework\Shader\SpriteShader</Filter>
    </FxCompile>
    <FxCompile Include="Src\Framework\Shader\SpriteShader\KdSpriteShader_VS.hlsl">
      <Filter>Src\Framework\Shader\SpriteShader</Filter>
    </FxCompile>
    <FxCompile Include="Src\Framework\Shader\PostProcessShader\KdPostProcessShader_PS_Blur.hlsl">
      <Filter>Src\Framework\Shader\PostProcessShader</Filter>
    </FxCompile>
    <FxCompile Include="Src\Framework\Shader\PostProcessShader\KdPostProcessShader_VS.hlsl">
      <Filter>Src\Framework\Shader\PostProcessShader</Filter>
    </FxCompile>
    <FxCompile Include="Src\Framework\Shader\PostProcessShader\KdPostProcessShader_PS_DoF.hlsl">
      <Filter>Src\Framework\Shader\PostProcessShader</Filter>
    </FxCompile>
    <FxCompile Include="Src\Framework\Shader\PostProcessShader\KdPostProcessShader_PS_Bright.hlsl">
      <Filter>Src\Framework\Shader\PostProcessShader</Filter>
    </FxCompile>
    <FxCompile Include="Src\Framework\Shader\StandardShader\KdStandardShader_PS_GenDepthMapFromLight.hlsl">
      <Filter>Src\Framework\Shader\StandardShader</Filter>
    </FxCompile>
    <FxCompile Include="Src\Framework\Shader\StandardShader\KdStandardShader_PS_Lit.hlsl">
      <Filter>Src\Framework\Shader\StandardShader</Filter>
    </FxCompile>
    <FxCompile Include="Src\Framework\Shader\StandardShader\KdStandardShader_PS_UnLit.hlsl">
      <Filter>Src\Framework\Shader\StandardShader</Filter>
    </FxCompile>
    <FxCompile Include="Src\Framework\Shader\StandardShader\KdStandardShader_VS_GenDepthMapFromLight.hlsl">
      <Filter>Src\Framework\Shader\StandardShader</Filter>
    </FxCompile>
    <FxCompile Include="Src\Framework\Shader\StandardShader\KdStandardShader_VS_Lit.hlsl">
      <Filter>Src\Framework\Shader\StandardShader</Filter>
    </FxCompile>
    <FxCompile Include="Src\Framework\Shader\StandardShader\KdStandardShader_VS_UnLit.hlsl">
      <Filter>Src\Framework\Shader\StandardShader</Filter>
    </FxCompile>
  </ItemGroup>
</Project>